
Microsoft Visual Studio Solution File, Format Version 12.00
# Visual Studio 15
VisualStudioVersion = 15.0.27130.2026
MinimumVisualStudioVersion = 10.0.40219.1
Project("{2150E333-8FDC-42A3-9474-1A3956D46DE8}") = ".nuget", ".nuget", "{13F60178-4D72-4910-9128-45BD4CCA1EB5}"
	ProjectSection(SolutionItems) = preProject
		.nuget\NuGet.Config = .nuget\NuGet.Config
		.nuget\NuGet.exe = .nuget\NuGet.exe
		.nuget\NuGet.targets = .nuget\NuGet.targets
	EndProjectSection
EndProject
Project("{2150E333-8FDC-42A3-9474-1A3956D46DE8}") = "Service", "Service", "{7E04F0A9-0969-4F38-B413-D94AFD679FAB}"
EndProject
Project("{2150E333-8FDC-42A3-9474-1A3956D46DE8}") = "UI", "UI", "{04C98C34-5C17-4576-A866-B61E86C41112}"
EndProject
Project("{FAE04EC0-301F-11D3-BF4B-00C04F79EFBC}") = "BlueStone.Smoke.DataAccess", "Service\BlueStone.Smoke.DataAccess\BlueStone.Smoke.DataAccess.csproj", "{FED9E899-3C72-443B-9424-52D86D1DBA10}"
EndProject
Project("{FAE04EC0-301F-11D3-BF4B-00C04F79EFBC}") = "BlueStone.Smoke.Entity", "Service\BlueStone.Smoke.Entity\BlueStone.Smoke.Entity.csproj", "{4D7750CE-84A0-4A8B-A084-C5CF32CCA5DC}"
EndProject
Project("{FAE04EC0-301F-11D3-BF4B-00C04F79EFBC}") = "BlueStone.Smoke.Service", "Service\BlueStone.Smoke.Service\BlueStone.Smoke.Service.csproj", "{3BE47D1C-E453-42C3-8B31-3604CF9A9A7C}"
EndProject
Project("{FAE04EC0-301F-11D3-BF4B-00C04F79EFBC}") = "BlueStone.Smoke.Backend", "UI\BlueStone.Smoke.Backend\BlueStone.Smoke.Backend.csproj", "{890569DE-70FE-45C2-BBAD-1E02BBA171F2}"
	ProjectSection(ProjectDependencies) = postProject
		{F7A05225-0D53-41FD-82D6-A9BECE2E0D84} = {F7A05225-0D53-41FD-82D6-A9BECE2E0D84}
		{6D511A4D-2E83-4153-91B4-45EA45BFEDD6} = {6D511A4D-2E83-4153-91B4-45EA45BFEDD6}
		{2070DBDD-AACE-4C71-B172-33263C85AF21} = {2070DBDD-AACE-4C71-B172-33263C85AF21}
	EndProjectSection
EndProject
Project("{FAE04EC0-301F-11D3-BF4B-00C04F79EFBC}") = "BlueStone.Smoke.Msite", "UI\BlueStone.Smoke.Msite\BlueStone.Smoke.Msite.csproj", "{2ED9F7FE-A807-4F9D-9AAF-42D05E775004}"
EndProject
Project("{2150E333-8FDC-42A3-9474-1A3956D46DE8}") = "MessageCeneter", "MessageCeneter", "{868D986C-BAB7-4DAE-8E15-A25BA9EAA40C}"
EndProject
Project("{FAE04EC0-301F-11D3-BF4B-00C04F79EFBC}") = "JC.Smoke.DAL", "JC.Smoke.DAL\JC.Smoke.DAL.csproj", "{2070DBDD-AACE-4C71-B172-33263C85AF21}"
	ProjectSection(ProjectDependencies) = postProject
		{6D511A4D-2E83-4153-91B4-45EA45BFEDD6} = {6D511A4D-2E83-4153-91B4-45EA45BFEDD6}
		{A7A2B8BB-0CC9-4DB1-B077-008EC87AFC8A} = {A7A2B8BB-0CC9-4DB1-B077-008EC87AFC8A}
	EndProjectSection
EndProject
Project("{FAE04EC0-301F-11D3-BF4B-00C04F79EFBC}") = "JC.Smoke.BLL", "JC.Smoke.BLL\JC.Smoke.BLL.csproj", "{F7A05225-0D53-41FD-82D6-A9BECE2E0D84}"
	ProjectSection(ProjectDependencies) = postProject
		{6D511A4D-2E83-4153-91B4-45EA45BFEDD6} = {6D511A4D-2E83-4153-91B4-45EA45BFEDD6}
		{2070DBDD-AACE-4C71-B172-33263C85AF21} = {2070DBDD-AACE-4C71-B172-33263C85AF21}
	EndProjectSection
EndProject
Project("{FAE04EC0-301F-11D3-BF4B-00C04F79EFBC}") = "JC.Smoke.Model", "JC.Smoke.Model\JC.Smoke.Model.csproj", "{6D511A4D-2E83-4153-91B4-45EA45BFEDD6}"
EndProject
Project("{FAE04EC0-301F-11D3-BF4B-00C04F79EFBC}") = "JC.Smoke.Utility", "JC.Smoke.Utility\JC.Smoke.Utility.csproj", "{A7A2B8BB-0CC9-4DB1-B077-008EC87AFC8A}"
EndProject
Project("{FAE04EC0-301F-11D3-BF4B-00C04F79EFBC}") = "MessageCenter", "MessageCenter\MessageCenter\MessageCenter.csproj", "{82B75A0F-3540-48C7-A9FE-E86A62A7B5B0}"
EndProject
Project("{FAE04EC0-301F-11D3-BF4B-00C04F79EFBC}") = "MessegeCenter.Entity", "MessageCenter\MessegeCenter.Entity\MessegeCenter.Entity.csproj", "{0DAE9539-6F4B-4139-82D2-3B19D54C15BE}"
EndProject
Global
	GlobalSection(SolutionConfigurationPlatforms) = preSolution
		Debug|Any CPU = Debug|Any CPU
		Pre|Any CPU = Pre|Any CPU
		Release|Any CPU = Release|Any CPU
	EndGlobalSection
	GlobalSection(ProjectConfigurationPlatforms) = postSolution
		{FED9E899-3C72-443B-9424-52D86D1DBA10}.Debug|Any CPU.ActiveCfg = Debug|Any CPU
		{FED9E899-3C72-443B-9424-52D86D1DBA10}.Debug|Any CPU.Build.0 = Debug|Any CPU
		{FED9E899-3C72-443B-9424-52D86D1DBA10}.Pre|Any CPU.ActiveCfg = Pre|Any CPU
		{FED9E899-3C72-443B-9424-52D86D1DBA10}.Pre|Any CPU.Build.0 = Pre|Any CPU
		{FED9E899-3C72-443B-9424-52D86D1DBA10}.Release|Any CPU.ActiveCfg = Release|Any CPU
		{FED9E899-3C72-443B-9424-52D86D1DBA10}.Release|Any CPU.Build.0 = Release|Any CPU
		{4D7750CE-84A0-4A8B-A084-C5CF32CCA5DC}.Debug|Any CPU.ActiveCfg = Debug|Any CPU
		{4D7750CE-84A0-4A8B-A084-C5CF32CCA5DC}.Debug|Any CPU.Build.0 = Debug|Any CPU
		{4D7750CE-84A0-4A8B-A084-C5CF32CCA5DC}.Pre|Any CPU.ActiveCfg = Pre|Any CPU
		{4D7750CE-84A0-4A8B-A084-C5CF32CCA5DC}.Pre|Any CPU.Build.0 = Pre|Any CPU
		{4D7750CE-84A0-4A8B-A084-C5CF32CCA5DC}.Release|Any CPU.ActiveCfg = Release|Any CPU
		{4D7750CE-84A0-4A8B-A084-C5CF32CCA5DC}.Release|Any CPU.Build.0 = Release|Any CPU
		{3BE47D1C-E453-42C3-8B31-3604CF9A9A7C}.Debug|Any CPU.ActiveCfg = Debug|Any CPU
		{3BE47D1C-E453-42C3-8B31-3604CF9A9A7C}.Debug|Any CPU.Build.0 = Debug|Any CPU
		{3BE47D1C-E453-42C3-8B31-3604CF9A9A7C}.Pre|Any CPU.ActiveCfg = Pre|Any CPU
		{3BE47D1C-E453-42C3-8B31-3604CF9A9A7C}.Pre|Any CPU.Build.0 = Pre|Any CPU
		{3BE47D1C-E453-42C3-8B31-3604CF9A9A7C}.Release|Any CPU.ActiveCfg = Release|Any CPU
		{3BE47D1C-E453-42C3-8B31-3604CF9A9A7C}.Release|Any CPU.Build.0 = Release|Any CPU
		{890569DE-70FE-45C2-BBAD-1E02BBA171F2}.Debug|Any CPU.ActiveCfg = Debug|Any CPU
		{890569DE-70FE-45C2-BBAD-1E02BBA171F2}.Debug|Any CPU.Build.0 = Debug|Any CPU
		{890569DE-70FE-45C2-BBAD-1E02BBA171F2}.Pre|Any CPU.ActiveCfg = Pre|Any CPU
		{890569DE-70FE-45C2-BBAD-1E02BBA171F2}.Pre|Any CPU.Build.0 = Pre|Any CPU
		{890569DE-70FE-45C2-BBAD-1E02BBA171F2}.Release|Any CPU.ActiveCfg = Release|Any CPU
		{890569DE-70FE-45C2-BBAD-1E02BBA171F2}.Release|Any CPU.Build.0 = Release|Any CPU
		{2ED9F7FE-A807-4F9D-9AAF-42D05E775004}.Debug|Any CPU.ActiveCfg = Debug|Any CPU
		{2ED9F7FE-A807-4F9D-9AAF-42D05E775004}.Debug|Any CPU.Build.0 = Debug|Any CPU
		{2ED9F7FE-A807-4F9D-9AAF-42D05E775004}.Pre|Any CPU.ActiveCfg = Pre|Any CPU
		{2ED9F7FE-A807-4F9D-9AAF-42D05E775004}.Pre|Any CPU.Build.0 = Pre|Any CPU
		{2ED9F7FE-A807-4F9D-9AAF-42D05E775004}.Release|Any CPU.ActiveCfg = Release|Any CPU
		{2ED9F7FE-A807-4F9D-9AAF-42D05E775004}.Release|Any CPU.Build.0 = Release|Any CPU
		{2070DBDD-AACE-4C71-B172-33263C85AF21}.Debug|Any CPU.ActiveCfg = Debug|Any CPU
		{2070DBDD-AACE-4C71-B172-33263C85AF21}.Debug|Any CPU.Build.0 = Debug|Any CPU
		{2070DBDD-AACE-4C71-B172-33263C85AF21}.Pre|Any CPU.ActiveCfg = Release|Any CPU
		{2070DBDD-AACE-4C71-B172-33263C85AF21}.Pre|Any CPU.Build.0 = Release|Any CPU
		{2070DBDD-AACE-4C71-B172-33263C85AF21}.Release|Any CPU.ActiveCfg = Release|Any CPU
		{2070DBDD-AACE-4C71-B172-33263C85AF21}.Release|Any CPU.Build.0 = Release|Any CPU
		{F7A05225-0D53-41FD-82D6-A9BECE2E0D84}.Debug|Any CPU.ActiveCfg = Debug|Any CPU
		{F7A05225-0D53-41FD-82D6-A9BECE2E0D84}.Debug|Any CPU.Build.0 = Debug|Any CPU
		{F7A05225-0D53-41FD-82D6-A9BECE2E0D84}.Pre|Any CPU.ActiveCfg = Release|Any CPU
		{F7A05225-0D53-41FD-82D6-A9BECE2E0D84}.Pre|Any CPU.Build.0 = Release|Any CPU
		{F7A05225-0D53-41FD-82D6-A9BECE2E0D84}.Release|Any CPU.ActiveCfg = Release|Any CPU
		{F7A05225-0D53-41FD-82D6-A9BECE2E0D84}.Release|Any CPU.Build.0 = Release|Any CPU
		{6D511A4D-2E83-4153-91B4-45EA45BFEDD6}.Debug|Any CPU.ActiveCfg = Debug|Any CPU
		{6D511A4D-2E83-4153-91B4-45EA45BFEDD6}.Debug|Any CPU.Build.0 = Debug|Any CPU
		{6D511A4D-2E83-4153-91B4-45EA45BFEDD6}.Pre|Any CPU.ActiveCfg = Release|Any CPU
		{6D511A4D-2E83-4153-91B4-45EA45BFEDD6}.Pre|Any CPU.Build.0 = Release|Any CPU
		{6D511A4D-2E83-4153-91B4-45EA45BFEDD6}.Release|Any CPU.ActiveCfg = Release|Any CPU
		{6D511A4D-2E83-4153-91B4-45EA45BFEDD6}.Release|Any CPU.Build.0 = Release|Any CPU
		{A7A2B8BB-0CC9-4DB1-B077-008EC87AFC8A}.Debug|Any CPU.ActiveCfg = Debug|Any CPU
		{A7A2B8BB-0CC9-4DB1-B077-008EC87AFC8A}.Debug|Any CPU.Build.0 = Debug|Any CPU
		{A7A2B8BB-0CC9-4DB1-B077-008EC87AFC8A}.Pre|Any CPU.ActiveCfg = Release|Any CPU
		{A7A2B8BB-0CC9-4DB1-B077-008EC87AFC8A}.Pre|Any CPU.Build.0 = Release|Any CPU
		{A7A2B8BB-0CC9-4DB1-B077-008EC87AFC8A}.Release|Any CPU.ActiveCfg = Release|Any CPU
		{A7A2B8BB-0CC9-4DB1-B077-008EC87AFC8A}.Release|Any CPU.Build.0 = Release|Any CPU
		{82B75A0F-3540-48C7-A9FE-E86A62A7B5B0}.Debug|Any CPU.ActiveCfg = Debug|Any CPU
		{82B75A0F-3540-48C7-A9FE-E86A62A7B5B0}.Debug|Any CPU.Build.0 = Debug|Any CPU
		{82B75A0F-3540-48C7-A9FE-E86A62A7B5B0}.Pre|Any CPU.ActiveCfg = Pre|Any CPU
		{82B75A0F-3540-48C7-A9FE-E86A62A7B5B0}.Pre|Any CPU.Build.0 = Pre|Any CPU
		{82B75A0F-3540-48C7-A9FE-E86A62A7B5B0}.Release|Any CPU.ActiveCfg = Release|Any CPU
		{82B75A0F-3540-48C7-A9FE-E86A62A7B5B0}.Release|Any CPU.Build.0 = Release|Any CPU
		{0DAE9539-6F4B-4139-82D2-3B19D54C15BE}.Debug|Any CPU.ActiveCfg = Debug|Any CPU
		{0DAE9539-6F4B-4139-82D2-3B19D54C15BE}.Debug|Any CPU.Build.0 = Debug|Any CPU
		{0DAE9539-6F4B-4139-82D2-3B19D54C15BE}.Pre|Any CPU.ActiveCfg = Release|Any CPU
		{0DAE9539-6F4B-4139-82D2-3B19D54C15BE}.Pre|Any CPU.Build.0 = Release|Any CPU
		{0DAE9539-6F4B-4139-82D2-3B19D54C15BE}.Release|Any CPU.ActiveCfg = Release|Any CPU
		{0DAE9539-6F4B-4139-82D2-3B19D54C15BE}.Release|Any CPU.Build.0 = Release|Any CPU
	EndGlobalSection
	GlobalSection(SolutionProperties) = preSolution
		HideSolutionNode = FALSE
	EndGlobalSection
	GlobalSection(NestedProjects) = preSolution
		{FED9E899-3C72-443B-9424-52D86D1DBA10} = {7E04F0A9-0969-4F38-B413-D94AFD679FAB}
		{4D7750CE-84A0-4A8B-A084-C5CF32CCA5DC} = {7E04F0A9-0969-4F38-B413-D94AFD679FAB}
		{3BE47D1C-E453-42C3-8B31-3604CF9A9A7C} = {7E04F0A9-0969-4F38-B413-D94AFD679FAB}
		{890569DE-70FE-45C2-BBAD-1E02BBA171F2} = {04C98C34-5C17-4576-A866-B61E86C41112}
		{2ED9F7FE-A807-4F9D-9AAF-42D05E775004} = {04C98C34-5C17-4576-A866-B61E86C41112}
		{82B75A0F-3540-48C7-A9FE-E86A62A7B5B0} = {868D986C-BAB7-4DAE-8E15-A25BA9EAA40C}
		{0DAE9539-6F4B-4139-82D2-3B19D54C15BE} = {868D986C-BAB7-4DAE-8E15-A25BA9EAA40C}
	EndGlobalSection
	GlobalSection(ExtensibilityGlobals) = postSolution
		SolutionGuid = {50A34C29-B253-4CD2-9129-D2148F7A6D18}
	EndGlobalSection
EndGlobal
